
Microsoft Visual Studio Solution File, Format Version 12.00
# Visual Studio 2012
Project("{FAE04EC0-301F-11D3-BF4B-00C04F79EFBC}") = "Task3", "Task3\Task3.csproj", "{DE87EF88-DDCA-461F-B888-614624500C60}"
EndProject
Global
	GlobalSection(SolutionConfigurationPlatforms) = preSolution
		Debug|Any CPU = Debug|Any CPU
		Release|Any CPU = Release|Any CPU
	EndGlobalSection
	GlobalSection(ProjectConfigurationPlatforms) = postSolution
		{DE87EF88-DDCA-461F-B888-614624500C60}.Debug|Any CPU.ActiveCfg = Debug|Any CPU
		{DE87EF88-DDCA-461F-B888-614624500C60}.Debug|Any CPU.Build.0 = Debug|Any CPU
		{DE87EF88-DDCA-461F-B888-614624500C60}.Release|Any CPU.ActiveCfg = Release|Any CPU
		{DE87EF88-DDCA-461F-B888-614624500C60}.Release|Any CPU.Build.0 = Release|Any CPU
	EndGlobalSection
	GlobalSection(SolutionProperties) = preSolution
		HideSolutionNode = FALSE
	EndGlobalSection
EndGlobal
